// !$*UTF8*$!
{
	archiveVersion = 1;
	classes = {
	};
	objectVersion = 50;
	objects = {

/* Begin PBXBuildFile section */
		52A68C6E2570D667008E42D6 /* AppDelegate.swift in Sources */ = {isa = PBXBuildFile; fileRef = 52A68C6D2570D667008E42D6 /* AppDelegate.swift */; };
		52A68C702570D667008E42D6 /* SceneDelegate.swift in Sources */ = {isa = PBXBuildFile; fileRef = 52A68C6F2570D667008E42D6 /* SceneDelegate.swift */; };
		52A68C722570D667008E42D6 /* ViewController.swift in Sources */ = {isa = PBXBuildFile; fileRef = 52A68C712570D667008E42D6 /* ViewController.swift */; };
		52A68C752570D667008E42D6 /* Main.storyboard in Resources */ = {isa = PBXBuildFile; fileRef = 52A68C732570D667008E42D6 /* Main.storyboard */; };
		52A68C772570D66A008E42D6 /* Assets.xcassets in Resources */ = {isa = PBXBuildFile; fileRef = 52A68C762570D66A008E42D6 /* Assets.xcassets */; };
		52A68C7A2570D66A008E42D6 /* LaunchScreen.storyboard in Resources */ = {isa = PBXBuildFile; fileRef = 52A68C782570D66A008E42D6 /* LaunchScreen.storyboard */; };
		52A68C892570D6D2008E42D6 /* ShareViewController.swift in Sources */ = {isa = PBXBuildFile; fileRef = 52A68C882570D6D2008E42D6 /* ShareViewController.swift */; };
		52A68C8C2570D6D2008E42D6 /* MainInterface.storyboard in Resources */ = {isa = PBXBuildFile; fileRef = 52A68C8A2570D6D2008E42D6 /* MainInterface.storyboard */; };
		52A68C902570D6D2008E42D6 /* share.appex in Embed App Extensions */ = {isa = PBXBuildFile; fileRef = 52A68C862570D6D2008E42D6 /* share.appex */; settings = {ATTRIBUTES = (RemoveHeadersOnCopy, ); }; };
/* End PBXBuildFile section */

/* Begin PBXContainerItemProxy section */
		52A68C8E2570D6D2008E42D6 /* PBXContainerItemProxy */ = {
			isa = PBXContainerItemProxy;
			containerPortal = 52A68C622570D667008E42D6 /* Project object */;
			proxyType = 1;
			remoteGlobalIDString = 52A68C852570D6D2008E42D6;
			remoteInfo = share;
		};
/* End PBXContainerItemProxy section */

/* Begin PBXCopyFilesBuildPhase section */
		52A68C942570D6D2008E42D6 /* Embed App Extensions */ = {
			isa = PBXCopyFilesBuildPhase;
			buildActionMask = 2147483647;
			dstPath = "";
			dstSubfolderSpec = 13;
			files = (
				52A68C902570D6D2008E42D6 /* share.appex in Embed App Extensions */,
			);
			name = "Embed App Extensions";
			runOnlyForDeploymentPostprocessing = 0;
		};
/* End PBXCopyFilesBuildPhase section */

/* Begin PBXFileReference section */
		52A68C6A2570D667008E42D6 /* ex.app */ = {isa = PBXFileReference; explicitFileType = wrapper.application; includeInIndex = 0; path = ex.app; sourceTree = BUILT_PRODUCTS_DIR; };
		52A68C6D2570D667008E42D6 /* AppDelegate.swift */ = {isa = PBXFileReference; lastKnownFileType = sourcecode.swift; path = AppDelegate.swift; sourceTree = "<group>"; };
		52A68C6F2570D667008E42D6 /* SceneDelegate.swift */ = {isa = PBXFileReference; lastKnownFileType = sourcecode.swift; path = SceneDelegate.swift; sourceTree = "<group>"; };
		52A68C712570D667008E42D6 /* ViewController.swift */ = {isa = PBXFileReference; lastKnownFileType = sourcecode.swift; path = ViewController.swift; sourceTree = "<group>"; };
		52A68C742570D667008E42D6 /* Base */ = {isa = PBXFileReference; lastKnownFileType = file.storyboard; name = Base; path = Base.lproj/Main.storyboard; sourceTree = "<group>"; };
		52A68C762570D66A008E42D6 /* Assets.xcassets */ = {isa = PBXFileReference; lastKnownFileType = folder.assetcatalog; path = Assets.xcassets; sourceTree = "<group>"; };
		52A68C792570D66A008E42D6 /* Base */ = {isa = PBXFileReference; lastKnownFileType = file.storyboard; name = Base; path = Base.lproj/LaunchScreen.storyboard; sourceTree = "<group>"; };
		52A68C7B2570D66A008E42D6 /* Info.plist */ = {isa = PBXFileReference; lastKnownFileType = text.plist.xml; path = Info.plist; sourceTree = "<group>"; };
		52A68C862570D6D2008E42D6 /* share.appex */ = {isa = PBXFileReference; explicitFileType = "wrapper.app-extension"; includeInIndex = 0; path = share.appex; sourceTree = BUILT_PRODUCTS_DIR; };
		52A68C882570D6D2008E42D6 /* ShareViewController.swift */ = {isa = PBXFileReference; lastKnownFileType = sourcecode.swift; path = ShareViewController.swift; sourceTree = "<group>"; };
		52A68C8B2570D6D2008E42D6 /* Base */ = {isa = PBXFileReference; lastKnownFileType = file.storyboard; name = Base; path = Base.lproj/MainInterface.storyboard; sourceTree = "<group>"; };
		52A68C8D2570D6D2008E42D6 /* Info.plist */ = {isa = PBXFileReference; lastKnownFileType = text.plist.xml; path = Info.plist; sourceTree = "<group>"; };
/* End PBXFileReference section */

/* Begin PBXFrameworksBuildPhase section */
		52A68C672570D667008E42D6 /* Frameworks */ = {
			isa = PBXFrameworksBuildPhase;
			buildActionMask = 2147483647;
			files = (
			);
			runOnlyForDeploymentPostprocessing = 0;
		};
		52A68C832570D6D2008E42D6 /* Frameworks */ = {
			isa = PBXFrameworksBuildPhase;
			buildActionMask = 2147483647;
			files = (
			);
			runOnlyForDeploymentPostprocessing = 0;
		};
/* End PBXFrameworksBuildPhase section */

/* Begin PBXGroup section */
		52A68C612570D667008E42D6 = {
			isa = PBXGroup;
			children = (
				52A68C6C2570D667008E42D6 /* ex */,
				52A68C872570D6D2008E42D6 /* share */,
				52A68C6B2570D667008E42D6 /* Products */,
			);
			sourceTree = "<group>";
		};
		52A68C6B2570D667008E42D6 /* Products */ = {
			isa = PBXGroup;
			children = (
				52A68C6A2570D667008E42D6 /* ex.app */,
				52A68C862570D6D2008E42D6 /* share.appex */,
			);
			name = Products;
			sourceTree = "<group>";
		};
		52A68C6C2570D667008E42D6 /* ex */ = {
			isa = PBXGroup;
			children = (
				52A68C6D2570D667008E42D6 /* AppDelegate.swift */,
				52A68C6F2570D667008E42D6 /* SceneDelegate.swift */,
				52A68C712570D667008E42D6 /* ViewController.swift */,
				52A68C732570D667008E42D6 /* Main.storyboard */,
				52A68C762570D66A008E42D6 /* Assets.xcassets */,
				52A68C782570D66A008E42D6 /* LaunchScreen.storyboard */,
				52A68C7B2570D66A008E42D6 /* Info.plist */,
			);
			path = ex;
			sourceTree = "<group>";
		};
		52A68C872570D6D2008E42D6 /* share */ = {
			isa = PBXGroup;
			children = (
				52A68C882570D6D2008E42D6 /* ShareViewController.swift */,
				52A68C8A2570D6D2008E42D6 /* MainInterface.storyboard */,
				52A68C8D2570D6D2008E42D6 /* Info.plist */,
			);
			path = share;
			sourceTree = "<group>";
		};
/* End PBXGroup section */

/* Begin PBXNativeTarget section */
		52A68C692570D667008E42D6 /* ex */ = {
			isa = PBXNativeTarget;
			buildConfigurationList = 52A68C7E2570D66A008E42D6 /* Build configuration list for PBXNativeTarget "ex" */;
			buildPhases = (
				52A68C662570D667008E42D6 /* Sources */,
				52A68C672570D667008E42D6 /* Frameworks */,
				52A68C682570D667008E42D6 /* Resources */,
				52A68C942570D6D2008E42D6 /* Embed App Extensions */,
			);
			buildRules = (
			);
			dependencies = (
				52A68C8F2570D6D2008E42D6 /* PBXTargetDependency */,
			);
			name = ex;
			productName = ex;
			productReference = 52A68C6A2570D667008E42D6 /* ex.app */;
			productType = "com.apple.product-type.application";
		};
		52A68C852570D6D2008E42D6 /* share */ = {
			isa = PBXNativeTarget;
			buildConfigurationList = 52A68C912570D6D2008E42D6 /* Build configuration list for PBXNativeTarget "share" */;
			buildPhases = (
				52A68C822570D6D2008E42D6 /* Sources */,
				52A68C832570D6D2008E42D6 /* Frameworks */,
				52A68C842570D6D2008E42D6 /* Resources */,
			);
			buildRules = (
			);
			dependencies = (
			);
			name = share;
			productName = share;
			productReference = 52A68C862570D6D2008E42D6 /* share.appex */;
			productType = "com.apple.product-type.app-extension";
		};
/* End PBXNativeTarget section */

/* Begin PBXProject section */
		52A68C622570D667008E42D6 /* Project object */ = {
			isa = PBXProject;
			attributes = {
				LastSwiftUpdateCheck = 1220;
				LastUpgradeCheck = 1220;
				TargetAttributes = {
					52A68C692570D667008E42D6 = {
						CreatedOnToolsVersion = 12.2;
					};
					52A68C852570D6D2008E42D6 = {
						CreatedOnToolsVersion = 12.2;
					};
				};
			};
			buildConfigurationList = 52A68C652570D667008E42D6 /* Build configuration list for PBXProject "ex" */;
			compatibilityVersion = "Xcode 9.3";
			developmentRegion = en;
			hasScannedForEncodings = 0;
			knownRegions = (
				en,
				Base,
			);
			mainGroup = 52A68C612570D667008E42D6;
			productRefGroup = 52A68C6B2570D667008E42D6 /* Products */;
			projectDirPath = "";
			projectRoot = "";
			targets = (
				52A68C692570D667008E42D6 /* ex */,
				52A68C852570D6D2008E42D6 /* share */,
			);
		};
/* End PBXProject section */

/* Begin PBXResourcesBuildPhase section */
		52A68C682570D667008E42D6 /* Resources */ = {
			isa = PBXResourcesBuildPhase;
			buildActionMask = 2147483647;
			files = (
				52A68C7A2570D66A008E42D6 /* LaunchScreen.storyboard in Resources */,
				52A68C772570D66A008E42D6 /* Assets.xcassets in Resources */,
				52A68C752570D667008E42D6 /* Main.storyboard in Resources */,
			);
			runOnlyForDeploymentPostprocessing = 0;
		};
		52A68C842570D6D2008E42D6 /* Resources */ = {
			isa = PBXResourcesBuildPhase;
			buildActionMask = 2147483647;
			files = (
				52A68C8C2570D6D2008E42D6 /* MainInterface.storyboard in Resources */,
			);
			runOnlyForDeploymentPostprocessing = 0;
		};
/* End PBXResourcesBuildPhase section */

/* Begin PBXSourcesBuildPhase section */
		52A68C662570D667008E42D6 /* Sources */ = {
			isa = PBXSourcesBuildPhase;
			buildActionMask = 2147483647;
			files = (
				52A68C722570D667008E42D6 /* ViewController.swift in Sources */,
				52A68C6E2570D667008E42D6 /* AppDelegate.swift in Sources */,
				52A68C702570D667008E42D6 /* SceneDelegate.swift in Sources */,
			);
			runOnlyForDeploymentPostprocessing = 0;
		};
		52A68C822570D6D2008E42D6 /* Sources */ = {
			isa = PBXSourcesBuildPhase;
			buildActionMask = 2147483647;
			files = (
				52A68C892570D6D2008E42D6 /* ShareViewController.swift in Sources */,
			);
			runOnlyForDeploymentPostprocessing = 0;
		};
/* End PBXSourcesBuildPhase section */

/* Begin PBXTargetDependency section */
		52A68C8F2570D6D2008E42D6 /* PBXTargetDependency */ = {
			isa = PBXTargetDependency;
			target = 52A68C852570D6D2008E42D6 /* share */;
			targetProxy = 52A68C8E2570D6D2008E42D6 /* PBXContainerItemProxy */;
		};
/* End PBXTargetDependency section */

/* Begin PBXVariantGroup section */
		52A68C732570D667008E42D6 /* Main.storyboard */ = {
			isa = PBXVariantGroup;
			children = (
				52A68C742570D667008E42D6 /* Base */,
			);
			name = Main.storyboard;
			sourceTree = "<group>";
		};
		52A68C782570D66A008E42D6 /* LaunchScreen.storyboard */ = {
			isa = PBXVariantGroup;
			children = (
				52A68C792570D66A008E42D6 /* Base */,
			);
			name = LaunchScreen.storyboard;
			sourceTree = "<group>";
		};
		52A68C8A2570D6D2008E42D6 /* MainInterface.storyboard */ = {
			isa = PBXVariantGroup;
			children = (
				52A68C8B2570D6D2008E42D6 /* Base */,
			);
			name = MainInterface.storyboard;
			sourceTree = "<group>";
		};
/* End PBXVariantGroup section */

/* Begin XCBuildConfiguration section */
		52A68C7C2570D66A008E42D6 /* Debug */ = {
			isa = XCBuildConfiguration;
			buildSettings = {
				ALWAYS_SEARCH_USER_PATHS = NO;
				CLANG_ANALYZER_NONNULL = YES;
				CLANG_ANALYZER_NUMBER_OBJECT_CONVERSION = YES_AGGRESSIVE;
				CLANG_CXX_LANGUAGE_STANDARD = "gnu++14";
				CLANG_CXX_LIBRARY = "libc++";
				CLANG_ENABLE_MODULES = YES;
				CLANG_ENABLE_OBJC_ARC = YES;
				CLANG_ENABLE_OBJC_WEAK = YES;
				CLANG_WARN_BLOCK_CAPTURE_AUTORELEASING = YES;
				CLANG_WARN_BOOL_CONVERSION = YES;
				CLANG_WARN_COMMA = YES;
				CLANG_WARN_CONSTANT_CONVERSION = YES;
				CLANG_WARN_DEPRECATED_OBJC_IMPLEMENTATIONS = YES;
				CLANG_WARN_DIRECT_OBJC_ISA_USAGE = YES_ERROR;
				CLANG_WARN_DOCUMENTATION_COMMENTS = YES;
				CLANG_WARN_EMPTY_BODY = YES;
				CLANG_WARN_ENUM_CONVERSION = YES;
				CLANG_WARN_INFINITE_RECURSION = YES;
				CLANG_WARN_INT_CONVERSION = YES;
				CLANG_WARN_NON_LITERAL_NULL_CONVERSION = YES;
				CLANG_WARN_OBJC_IMPLICIT_RETAIN_SELF = YES;
				CLANG_WARN_OBJC_LITERAL_CONVERSION = YES;
				CLANG_WARN_OBJC_ROOT_CLASS = YES_ERROR;
				CLANG_WARN_QUOTED_INCLUDE_IN_FRAMEWORK_HEADER = YES;
				CLANG_WARN_RANGE_LOOP_ANALYSIS = YES;
				CLANG_WARN_STRICT_PROTOTYPES = YES;
				CLANG_WARN_SUSPICIOUS_MOVE = YES;
				CLANG_WARN_UNGUARDED_AVAILABILITY = YES_AGGRESSIVE;
				CLANG_WARN_UNREACHABLE_CODE = YES;
				CLANG_WARN__DUPLICATE_METHOD_MATCH = YES;
				COPY_PHASE_STRIP = NO;
				DEBUG_INFORMATION_FORMAT = dwarf;
				ENABLE_STRICT_OBJC_MSGSEND = YES;
				ENABLE_TESTABILITY = YES;
				GCC_C_LANGUAGE_STANDARD = gnu11;
				GCC_DYNAMIC_NO_PIC = NO;
				GCC_NO_COMMON_BLOCKS = YES;
				GCC_OPTIMIZATION_LEVEL = 0;
				GCC_PREPROCESSOR_DEFINITIONS = (
					"DEBUG=1",
					"$(inherited)",
				);
				GCC_WARN_64_TO_32_BIT_CONVERSION = YES;
				GCC_WARN_ABOUT_RETURN_TYPE = YES_ERROR;
				GCC_WARN_UNDECLARED_SELECTOR = YES;
				GCC_WARN_UNINITIALIZED_AUTOS = YES_AGGRESSIVE;
				GCC_WARN_UNUSED_FUNCTION = YES;
				GCC_WARN_UNUSED_VARIABLE = YES;
				IPHONEOS_DEPLOYMENT_TARGET = 14.2;
				MTL_ENABLE_DEBUG_INFO = INCLUDE_SOURCE;
				MTL_FAST_MATH = YES;
				ONLY_ACTIVE_ARCH = YES;
				SDKROOT = iphoneos;
				SWIFT_ACTIVE_COMPILATION_CONDITIONS = DEBUG;
				SWIFT_OPTIMIZATION_LEVEL = "-Onone";
			};
			name = Debug;
		};
		52A68C7D2570D66A008E42D6 /* Release */ = {
			isa = XCBuildConfiguration;
			buildSettings = {
				ALWAYS_SEARCH_USER_PATHS = NO;
				CLANG_ANALYZER_NONNULL = YES;
				CLANG_ANALYZER_NUMBER_OBJECT_CONVERSION = YES_AGGRESSIVE;
				CLANG_CXX_LANGUAGE_STANDARD = "gnu++14";
				CLANG_CXX_LIBRARY = "libc++";
				CLANG_ENABLE_MODULES = YES;
				CLANG_ENABLE_OBJC_ARC = YES;
				CLANG_ENABLE_OBJC_WEAK = YES;
				CLANG_WARN_BLOCK_CAPTURE_AUTORELEASING = YES;
				CLANG_WARN_BOOL_CONVERSION = YES;
				CLANG_WARN_COMMA = YES;
				CLANG_WARN_CONSTANT_CONVERSION = YES;
				CLANG_WARN_DEPRECATED_OBJC_IMPLEMENTATIONS = YES;
				CLANG_WARN_DIRECT_OBJC_ISA_USAGE = YES_ERROR;
				CLANG_WARN_DOCUMENTATION_COMMENTS = YES;
				CLANG_WARN_EMPTY_BODY = YES;
				CLANG_WARN_ENUM_CONVERSION = YES;
				CLANG_WARN_INFINITE_RECURSION = YES;
				CLANG_WARN_INT_CONVERSION = YES;
				CLANG_WARN_NON_LITERAL_NULL_CONVERSION = YES;
				CLANG_WARN_OBJC_IMPLICIT_RETAIN_SELF = YES;
				CLANG_WARN_OBJC_LITERAL_CONVERSION = YES;
				CLANG_WARN_OBJC_ROOT_CLASS = YES_ERROR;
				CLANG_WARN_QUOTED_INCLUDE_IN_FRAMEWORK_HEADER = YES;
				CLANG_WARN_RANGE_LOOP_ANALYSIS = YES;
				CLANG_WARN_STRICT_PROTOTYPES = YES;
				CLANG_WARN_SUSPICIOUS_MOVE = YES;
				CLANG_WARN_UNGUARDED_AVAILABILITY = YES_AGGRESSIVE;
				CLANG_WARN_UNREACHABLE_CODE = YES;
				CLANG_WARN__DUPLICATE_METHOD_MATCH = YES;
				COPY_PHASE_STRIP = NO;
				DEBUG_INFORMATION_FORMAT = "dwarf-with-dsym";
				ENABLE_NS_ASSERTIONS = NO;
				ENABLE_STRICT_OBJC_MSGSEND = YES;
				GCC_C_LANGUAGE_STANDARD = gnu11;
				GCC_NO_COMMON_BLOCKS = YES;
				GCC_WARN_64_TO_32_BIT_CONVERSION = YES;
				GCC_WARN_ABOUT_RETURN_TYPE = YES_ERROR;
				GCC_WARN_UNDECLARED_SELECTOR = YES;
				GCC_WARN_UNINITIALIZED_AUTOS = YES_AGGRESSIVE;
				GCC_WARN_UNUSED_FUNCTION = YES;
				GCC_WARN_UNUSED_VARIABLE = YES;
				IPHONEOS_DEPLOYMENT_TARGET = 14.2;
				MTL_ENABLE_DEBUG_INFO = NO;
				MTL_FAST_MATH = YES;
				SDKROOT = iphoneos;
				SWIFT_COMPILATION_MODE = wholemodule;
				SWIFT_OPTIMIZATION_LEVEL = "-O";
				VALIDATE_PRODUCT = YES;
			};
			name = Release;
		};
		52A68C7F2570D66A008E42D6 /* Debug */ = {
			isa = XCBuildConfiguration;
			buildSettings = {
				ALWAYS_EMBED_SWIFT_STANDARD_LIBRARIES = YES;
				ASSETCATALOG_COMPILER_APPICON_NAME = AppIcon;
				ASSETCATALOG_COMPILER_GLOBAL_ACCENT_COLOR_NAME = AccentColor;
				CODE_SIGN_STYLE = Automatic;
				DEVELOPMENT_TEAM = TN2FPFX532;
				INFOPLIST_FILE = ex/Info.plist;
				LD_RUNPATH_SEARCH_PATHS = (
					"$(inherited)",
					"@executable_path/Frameworks",
				);
				PRODUCT_BUNDLE_IDENTIFIER = com.hyunji.ex;
				PRODUCT_NAME = "$(TARGET_NAME)";
				SWIFT_VERSION = 5.0;
				TARGETED_DEVICE_FAMILY = "1,2";
			};
			name = Debug;
		};
		52A68C802570D66A008E42D6 /* Release */ = {
			isa = XCBuildConfiguration;
			buildSettings = {
				ALWAYS_EMBED_SWIFT_STANDARD_LIBRARIES = YES;
				ASSETCATALOG_COMPILER_APPICON_NAME = AppIcon;
				ASSETCATALOG_COMPILER_GLOBAL_ACCENT_COLOR_NAME = AccentColor;
				CODE_SIGN_STYLE = Automatic;
				DEVELOPMENT_TEAM = TN2FPFX532;
				INFOPLIST_FILE = ex/Info.plist;
				LD_RUNPATH_SEARCH_PATHS = (
					"$(inherited)",
					"@executable_path/Frameworks",
				);
				PRODUCT_BUNDLE_IDENTIFIER = com.hyunji.ex;
				PRODUCT_NAME = "$(TARGET_NAME)";
				SWIFT_VERSION = 5.0;
				TARGETED_DEVICE_FAMILY = "1,2";
			};
			name = Release;
		};
		52A68C922570D6D2008E42D6 /* Debug */ = {
			isa = XCBuildConfiguration;
			buildSettings = {
				CODE_SIGN_STYLE = Automatic;
				DEVELOPMENT_TEAM = TN2FPFX532;
				INFOPLIST_FILE = share/Info.plist;
				LD_RUNPATH_SEARCH_PATHS = (
					"$(inherited)",
					"@executable_path/Frameworks",
					"@executable_path/../../Frameworks",
				);
				PRODUCT_BUNDLE_IDENTIFIER = com.hyunji.ex.share;
				PRODUCT_NAME = "$(TARGET_NAME)";
				SKIP_INSTALL = YES;
				SWIFT_VERSION = 5.0;
				TARGETED_DEVICE_FAMILY = "1,2";
			};
			name = Debug;
		};
		52A68C932570D6D2008E42D6 /* Release */ = {
			isa = XCBuildConfiguration;
			buildSettings = {
				CODE_SIGN_STYLE = Automatic;
				DEVELOPMENT_TEAM = TN2FPFX532;
				INFOPLIST_FILE = share/Info.plist;
				LD_RUNPATH_SEARCH_PATHS = (
					"$(inherited)",
					"@executable_path/Frameworks",
					"@executable_path/../../Frameworks",
				);
				PRODUCT_BUNDLE_IDENTIFIER = com.hyunji.ex.share;
				PRODUCT_NAME = "$(TARGET_NAME)";
				SKIP_INSTALL = YES;
				SWIFT_VERSION = 5.0;
				TARGETED_DEVICE_FAMILY = "1,2";
			};
			name = Release;
		};
/* End XCBuildConfiguration section */

/* Begin XCConfigurationList section */
		52A68C652570D667008E42D6 /* Build configuration list for PBXProject "ex" */ = {
			isa = XCConfigurationList;
			buildConfigurations = (
				52A68C7C2570D66A008E42D6 /* Debug */,
				52A68C7D2570D66A008E42D6 /* Release */,
			);
			defaultConfigurationIsVisible = 0;
			defaultConfigurationName = Release;
		};
		52A68C7E2570D66A008E42D6 /* Build configuration list for PBXNativeTarget "ex" */ = {
			isa = XCConfigurationList;
			buildConfigurations = (
				52A68C7F2570D66A008E42D6 /* Debug */,
				52A68C802570D66A008E42D6 /* Release */,
			);
			defaultConfigurationIsVisible = 0;
			defaultConfigurationName = Release;
		};
		52A68C912570D6D2008E42D6 /* Build configuration list for PBXNativeTarget "share" */ = {
			isa = XCConfigurationList;
			buildConfigurations = (
				52A68C922570D6D2008E42D6 /* Debug */,
				52A68C932570D6D2008E42D6 /* Release */,
			);
			defaultConfigurationIsVisible = 0;
			defaultConfigurationName = Release;
		};
/* End XCConfigurationList section */
	};
	rootObject = 52A68C622570D667008E42D6 /* Project object */;
}
