// !$*UTF8*$!
{
	archiveVersion = 1;
	classes = {
	};
	objectVersion = 50;
	objects = {

/* Begin PBXBuildFile section */
		5219160D255E10700075BA96 /* AppDelegate.swift in Sources */ = {isa = PBXBuildFile; fileRef = 5219160C255E10700075BA96 /* AppDelegate.swift */; };
		5219160F255E10700075BA96 /* SceneDelegate.swift in Sources */ = {isa = PBXBuildFile; fileRef = 5219160E255E10700075BA96 /* SceneDelegate.swift */; };
		52191611255E10700075BA96 /* ViewController.swift in Sources */ = {isa = PBXBuildFile; fileRef = 52191610255E10700075BA96 /* ViewController.swift */; };
		52191614255E10700075BA96 /* Main.storyboard in Resources */ = {isa = PBXBuildFile; fileRef = 52191612255E10700075BA96 /* Main.storyboard */; };
		52191616255E10750075BA96 /* Assets.xcassets in Resources */ = {isa = PBXBuildFile; fileRef = 52191615255E10750075BA96 /* Assets.xcassets */; };
		52191619255E10750075BA96 /* LaunchScreen.storyboard in Resources */ = {isa = PBXBuildFile; fileRef = 52191617255E10750075BA96 /* LaunchScreen.storyboard */; };
		52191624255E10760075BA96 /* CustomViewDemoTests.swift in Sources */ = {isa = PBXBuildFile; fileRef = 52191623255E10760075BA96 /* CustomViewDemoTests.swift */; };
		5219162F255E10760075BA96 /* CustomViewDemoUITests.swift in Sources */ = {isa = PBXBuildFile; fileRef = 5219162E255E10760075BA96 /* CustomViewDemoUITests.swift */; };
		52191648255E12320075BA96 /* CustomView.xib in Resources */ = {isa = PBXBuildFile; fileRef = 52191647255E12310075BA96 /* CustomView.xib */; };
		5219164D255E13BF0075BA96 /* CustomView.swift in Sources */ = {isa = PBXBuildFile; fileRef = 5219164C255E13BF0075BA96 /* CustomView.swift */; };
/* End PBXBuildFile section */

/* Begin PBXContainerItemProxy section */
		52191620255E10760075BA96 /* PBXContainerItemProxy */ = {
			isa = PBXContainerItemProxy;
			containerPortal = 52191601255E10700075BA96 /* Project object */;
			proxyType = 1;
			remoteGlobalIDString = 52191608255E10700075BA96;
			remoteInfo = CustomViewDemo;
		};
		5219162B255E10760075BA96 /* PBXContainerItemProxy */ = {
			isa = PBXContainerItemProxy;
			containerPortal = 52191601255E10700075BA96 /* Project object */;
			proxyType = 1;
			remoteGlobalIDString = 52191608255E10700075BA96;
			remoteInfo = CustomViewDemo;
		};
/* End PBXContainerItemProxy section */

/* Begin PBXFileReference section */
		52191609255E10700075BA96 /* CustomViewDemo.app */ = {isa = PBXFileReference; explicitFileType = wrapper.application; includeInIndex = 0; path = CustomViewDemo.app; sourceTree = BUILT_PRODUCTS_DIR; };
		5219160C255E10700075BA96 /* AppDelegate.swift */ = {isa = PBXFileReference; lastKnownFileType = sourcecode.swift; path = AppDelegate.swift; sourceTree = "<group>"; };
		5219160E255E10700075BA96 /* SceneDelegate.swift */ = {isa = PBXFileReference; lastKnownFileType = sourcecode.swift; path = SceneDelegate.swift; sourceTree = "<group>"; };
		52191610255E10700075BA96 /* ViewController.swift */ = {isa = PBXFileReference; lastKnownFileType = sourcecode.swift; path = ViewController.swift; sourceTree = "<group>"; };
		52191613255E10700075BA96 /* Base */ = {isa = PBXFileReference; lastKnownFileType = file.storyboard; name = Base; path = Base.lproj/Main.storyboard; sourceTree = "<group>"; };
		52191615255E10750075BA96 /* Assets.xcassets */ = {isa = PBXFileReference; lastKnownFileType = folder.assetcatalog; path = Assets.xcassets; sourceTree = "<group>"; };
		52191618255E10750075BA96 /* Base */ = {isa = PBXFileReference; lastKnownFileType = file.storyboard; name = Base; path = Base.lproj/LaunchScreen.storyboard; sourceTree = "<group>"; };
		5219161A255E10750075BA96 /* Info.plist */ = {isa = PBXFileReference; lastKnownFileType = text.plist.xml; path = Info.plist; sourceTree = "<group>"; };
		5219161F255E10760075BA96 /* CustomViewDemoTests.xctest */ = {isa = PBXFileReference; explicitFileType = wrapper.cfbundle; includeInIndex = 0; path = CustomViewDemoTests.xctest; sourceTree = BUILT_PRODUCTS_DIR; };
		52191623255E10760075BA96 /* CustomViewDemoTests.swift */ = {isa = PBXFileReference; lastKnownFileType = sourcecode.swift; path = CustomViewDemoTests.swift; sourceTree = "<group>"; };
		52191625255E10760075BA96 /* Info.plist */ = {isa = PBXFileReference; lastKnownFileType = text.plist.xml; path = Info.plist; sourceTree = "<group>"; };
		5219162A255E10760075BA96 /* CustomViewDemoUITests.xctest */ = {isa = PBXFileReference; explicitFileType = wrapper.cfbundle; includeInIndex = 0; path = CustomViewDemoUITests.xctest; sourceTree = BUILT_PRODUCTS_DIR; };
		5219162E255E10760075BA96 /* CustomViewDemoUITests.swift */ = {isa = PBXFileReference; lastKnownFileType = sourcecode.swift; path = CustomViewDemoUITests.swift; sourceTree = "<group>"; };
		52191630255E10760075BA96 /* Info.plist */ = {isa = PBXFileReference; lastKnownFileType = text.plist.xml; path = Info.plist; sourceTree = "<group>"; };
		52191647255E12310075BA96 /* CustomView.xib */ = {isa = PBXFileReference; lastKnownFileType = file.xib; path = CustomView.xib; sourceTree = "<group>"; };
		5219164C255E13BF0075BA96 /* CustomView.swift */ = {isa = PBXFileReference; lastKnownFileType = sourcecode.swift; path = CustomView.swift; sourceTree = "<group>"; };
/* End PBXFileReference section */

/* Begin PBXFrameworksBuildPhase section */
		52191606255E10700075BA96 /* Frameworks */ = {
			isa = PBXFrameworksBuildPhase;
			buildActionMask = 2147483647;
			files = (
			);
			runOnlyForDeploymentPostprocessing = 0;
		};
		5219161C255E10760075BA96 /* Frameworks */ = {
			isa = PBXFrameworksBuildPhase;
			buildActionMask = 2147483647;
			files = (
			);
			runOnlyForDeploymentPostprocessing = 0;
		};
		52191627255E10760075BA96 /* Frameworks */ = {
			isa = PBXFrameworksBuildPhase;
			buildActionMask = 2147483647;
			files = (
			);
			runOnlyForDeploymentPostprocessing = 0;
		};
/* End PBXFrameworksBuildPhase section */

/* Begin PBXGroup section */
		52191600255E106F0075BA96 = {
			isa = PBXGroup;
			children = (
				5219160B255E10700075BA96 /* CustomViewDemo */,
				52191622255E10760075BA96 /* CustomViewDemoTests */,
				5219162D255E10760075BA96 /* CustomViewDemoUITests */,
				5219160A255E10700075BA96 /* Products */,
			);
			sourceTree = "<group>";
		};
		5219160A255E10700075BA96 /* Products */ = {
			isa = PBXGroup;
			children = (
				52191609255E10700075BA96 /* CustomViewDemo.app */,
				5219161F255E10760075BA96 /* CustomViewDemoTests.xctest */,
				5219162A255E10760075BA96 /* CustomViewDemoUITests.xctest */,
			);
			name = Products;
			sourceTree = "<group>";
		};
		5219160B255E10700075BA96 /* CustomViewDemo */ = {
			isa = PBXGroup;
			children = (
				5219160C255E10700075BA96 /* AppDelegate.swift */,
				5219160E255E10700075BA96 /* SceneDelegate.swift */,
				52191610255E10700075BA96 /* ViewController.swift */,
				52191612255E10700075BA96 /* Main.storyboard */,
				52191615255E10750075BA96 /* Assets.xcassets */,
				52191617255E10750075BA96 /* LaunchScreen.storyboard */,
				5219161A255E10750075BA96 /* Info.plist */,
				52191647255E12310075BA96 /* CustomView.xib */,
				5219164C255E13BF0075BA96 /* CustomView.swift */,
			);
			path = CustomViewDemo;
			sourceTree = "<group>";
		};
		52191622255E10760075BA96 /* CustomViewDemoTests */ = {
			isa = PBXGroup;
			children = (
				52191623255E10760075BA96 /* CustomViewDemoTests.swift */,
				52191625255E10760075BA96 /* Info.plist */,
			);
			path = CustomViewDemoTests;
			sourceTree = "<group>";
		};
		5219162D255E10760075BA96 /* CustomViewDemoUITests */ = {
			isa = PBXGroup;
			children = (
				5219162E255E10760075BA96 /* CustomViewDemoUITests.swift */,
				52191630255E10760075BA96 /* Info.plist */,
			);
			path = CustomViewDemoUITests;
			sourceTree = "<group>";
		};
/* End PBXGroup section */

/* Begin PBXNativeTarget section */
		52191608255E10700075BA96 /* CustomViewDemo */ = {
			isa = PBXNativeTarget;
			buildConfigurationList = 52191633255E10760075BA96 /* Build configuration list for PBXNativeTarget "CustomViewDemo" */;
			buildPhases = (
				52191605255E10700075BA96 /* Sources */,
				52191606255E10700075BA96 /* Frameworks */,
				52191607255E10700075BA96 /* Resources */,
			);
			buildRules = (
			);
			dependencies = (
			);
			name = CustomViewDemo;
			productName = CustomViewDemo;
			productReference = 52191609255E10700075BA96 /* CustomViewDemo.app */;
			productType = "com.apple.product-type.application";
		};
		5219161E255E10760075BA96 /* CustomViewDemoTests */ = {
			isa = PBXNativeTarget;
			buildConfigurationList = 52191636255E10760075BA96 /* Build configuration list for PBXNativeTarget "CustomViewDemoTests" */;
			buildPhases = (
				5219161B255E10760075BA96 /* Sources */,
				5219161C255E10760075BA96 /* Frameworks */,
				5219161D255E10760075BA96 /* Resources */,
			);
			buildRules = (
			);
			dependencies = (
				52191621255E10760075BA96 /* PBXTargetDependency */,
			);
			name = CustomViewDemoTests;
			productName = CustomViewDemoTests;
			productReference = 5219161F255E10760075BA96 /* CustomViewDemoTests.xctest */;
			productType = "com.apple.product-type.bundle.unit-test";
		};
		52191629255E10760075BA96 /* CustomViewDemoUITests */ = {
			isa = PBXNativeTarget;
			buildConfigurationList = 52191639255E10760075BA96 /* Build configuration list for PBXNativeTarget "CustomViewDemoUITests" */;
			buildPhases = (
				52191626255E10760075BA96 /* Sources */,
				52191627255E10760075BA96 /* Frameworks */,
				52191628255E10760075BA96 /* Resources */,
			);
			buildRules = (
			);
			dependencies = (
				5219162C255E10760075BA96 /* PBXTargetDependency */,
			);
			name = CustomViewDemoUITests;
			productName = CustomViewDemoUITests;
			productReference = 5219162A255E10760075BA96 /* CustomViewDemoUITests.xctest */;
			productType = "com.apple.product-type.bundle.ui-testing";
		};
/* End PBXNativeTarget section */

/* Begin PBXProject section */
		52191601255E10700075BA96 /* Project object */ = {
			isa = PBXProject;
			attributes = {
				LastSwiftUpdateCheck = 1210;
				LastUpgradeCheck = 1210;
				TargetAttributes = {
					52191608255E10700075BA96 = {
						CreatedOnToolsVersion = 12.1;
					};
					5219161E255E10760075BA96 = {
						CreatedOnToolsVersion = 12.1;
						TestTargetID = 52191608255E10700075BA96;
					};
					52191629255E10760075BA96 = {
						CreatedOnToolsVersion = 12.1;
						TestTargetID = 52191608255E10700075BA96;
					};
				};
			};
			buildConfigurationList = 52191604255E10700075BA96 /* Build configuration list for PBXProject "CustomViewDemo" */;
			compatibilityVersion = "Xcode 9.3";
			developmentRegion = en;
			hasScannedForEncodings = 0;
			knownRegions = (
				en,
				Base,
			);
			mainGroup = 52191600255E106F0075BA96;
			productRefGroup = 5219160A255E10700075BA96 /* Products */;
			projectDirPath = "";
			projectRoot = "";
			targets = (
				52191608255E10700075BA96 /* CustomViewDemo */,
				5219161E255E10760075BA96 /* CustomViewDemoTests */,
				52191629255E10760075BA96 /* CustomViewDemoUITests */,
			);
		};
/* End PBXProject section */

/* Begin PBXResourcesBuildPhase section */
		52191607255E10700075BA96 /* Resources */ = {
			isa = PBXResourcesBuildPhase;
			buildActionMask = 2147483647;
			files = (
				52191619255E10750075BA96 /* LaunchScreen.storyboard in Resources */,
				52191648255E12320075BA96 /* CustomView.xib in Resources */,
				52191616255E10750075BA96 /* Assets.xcassets in Resources */,
				52191614255E10700075BA96 /* Main.storyboard in Resources */,
			);
			runOnlyForDeploymentPostprocessing = 0;
		};
		5219161D255E10760075BA96 /* Resources */ = {
			isa = PBXResourcesBuildPhase;
			buildActionMask = 2147483647;
			files = (
			);
			runOnlyForDeploymentPostprocessing = 0;
		};
		52191628255E10760075BA96 /* Resources */ = {
			isa = PBXResourcesBuildPhase;
			buildActionMask = 2147483647;
			files = (
			);
			runOnlyForDeploymentPostprocessing = 0;
		};
/* End PBXResourcesBuildPhase section */

/* Begin PBXSourcesBuildPhase section */
		52191605255E10700075BA96 /* Sources */ = {
			isa = PBXSourcesBuildPhase;
			buildActionMask = 2147483647;
			files = (
				52191611255E10700075BA96 /* ViewController.swift in Sources */,
				5219164D255E13BF0075BA96 /* CustomView.swift in Sources */,
				5219160D255E10700075BA96 /* AppDelegate.swift in Sources */,
				5219160F255E10700075BA96 /* SceneDelegate.swift in Sources */,
			);
			runOnlyForDeploymentPostprocessing = 0;
		};
		5219161B255E10760075BA96 /* Sources */ = {
			isa = PBXSourcesBuildPhase;
			buildActionMask = 2147483647;
			files = (
				52191624255E10760075BA96 /* CustomViewDemoTests.swift in Sources */,
			);
			runOnlyForDeploymentPostprocessing = 0;
		};
		52191626255E10760075BA96 /* Sources */ = {
			isa = PBXSourcesBuildPhase;
			buildActionMask = 2147483647;
			files = (
				5219162F255E10760075BA96 /* CustomViewDemoUITests.swift in Sources */,
			);
			runOnlyForDeploymentPostprocessing = 0;
		};
/* End PBXSourcesBuildPhase section */

/* Begin PBXTargetDependency section */
		52191621255E10760075BA96 /* PBXTargetDependency */ = {
			isa = PBXTargetDependency;
			target = 52191608255E10700075BA96 /* CustomViewDemo */;
			targetProxy = 52191620255E10760075BA96 /* PBXContainerItemProxy */;
		};
		5219162C255E10760075BA96 /* PBXTargetDependency */ = {
			isa = PBXTargetDependency;
			target = 52191608255E10700075BA96 /* CustomViewDemo */;
			targetProxy = 5219162B255E10760075BA96 /* PBXContainerItemProxy */;
		};
/* End PBXTargetDependency section */

/* Begin PBXVariantGroup section */
		52191612255E10700075BA96 /* Main.storyboard */ = {
			isa = PBXVariantGroup;
			children = (
				52191613255E10700075BA96 /* Base */,
			);
			name = Main.storyboard;
			sourceTree = "<group>";
		};
		52191617255E10750075BA96 /* LaunchScreen.storyboard */ = {
			isa = PBXVariantGroup;
			children = (
				52191618255E10750075BA96 /* Base */,
			);
			name = LaunchScreen.storyboard;
			sourceTree = "<group>";
		};
/* End PBXVariantGroup section */

/* Begin XCBuildConfiguration section */
		52191631255E10760075BA96 /* Debug */ = {
			isa = XCBuildConfiguration;
			buildSettings = {
				ALWAYS_SEARCH_USER_PATHS = NO;
				CLANG_ANALYZER_NONNULL = YES;
				CLANG_ANALYZER_NUMBER_OBJECT_CONVERSION = YES_AGGRESSIVE;
				CLANG_CXX_LANGUAGE_STANDARD = "gnu++14";
				CLANG_CXX_LIBRARY = "libc++";
				CLANG_ENABLE_MODULES = YES;
				CLANG_ENABLE_OBJC_ARC = YES;
				CLANG_ENABLE_OBJC_WEAK = YES;
				CLANG_WARN_BLOCK_CAPTURE_AUTORELEASING = YES;
				CLANG_WARN_BOOL_CONVERSION = YES;
				CLANG_WARN_COMMA = YES;
				CLANG_WARN_CONSTANT_CONVERSION = YES;
				CLANG_WARN_DEPRECATED_OBJC_IMPLEMENTATIONS = YES;
				CLANG_WARN_DIRECT_OBJC_ISA_USAGE = YES_ERROR;
				CLANG_WARN_DOCUMENTATION_COMMENTS = YES;
				CLANG_WARN_EMPTY_BODY = YES;
				CLANG_WARN_ENUM_CONVERSION = YES;
				CLANG_WARN_INFINITE_RECURSION = YES;
				CLANG_WARN_INT_CONVERSION = YES;
				CLANG_WARN_NON_LITERAL_NULL_CONVERSION = YES;
				CLANG_WARN_OBJC_IMPLICIT_RETAIN_SELF = YES;
				CLANG_WARN_OBJC_LITERAL_CONVERSION = YES;
				CLANG_WARN_OBJC_ROOT_CLASS = YES_ERROR;
				CLANG_WARN_QUOTED_INCLUDE_IN_FRAMEWORK_HEADER = YES;
				CLANG_WARN_RANGE_LOOP_ANALYSIS = YES;
				CLANG_WARN_STRICT_PROTOTYPES = YES;
				CLANG_WARN_SUSPICIOUS_MOVE = YES;
				CLANG_WARN_UNGUARDED_AVAILABILITY = YES_AGGRESSIVE;
				CLANG_WARN_UNREACHABLE_CODE = YES;
				CLANG_WARN__DUPLICATE_METHOD_MATCH = YES;
				COPY_PHASE_STRIP = NO;
				DEBUG_INFORMATION_FORMAT = dwarf;
				ENABLE_STRICT_OBJC_MSGSEND = YES;
				ENABLE_TESTABILITY = YES;
				GCC_C_LANGUAGE_STANDARD = gnu11;
				GCC_DYNAMIC_NO_PIC = NO;
				GCC_NO_COMMON_BLOCKS = YES;
				GCC_OPTIMIZATION_LEVEL = 0;
				GCC_PREPROCESSOR_DEFINITIONS = (
					"DEBUG=1",
					"$(inherited)",
				);
				GCC_WARN_64_TO_32_BIT_CONVERSION = YES;
				GCC_WARN_ABOUT_RETURN_TYPE = YES_ERROR;
				GCC_WARN_UNDECLARED_SELECTOR = YES;
				GCC_WARN_UNINITIALIZED_AUTOS = YES_AGGRESSIVE;
				GCC_WARN_UNUSED_FUNCTION = YES;
				GCC_WARN_UNUSED_VARIABLE = YES;
				IPHONEOS_DEPLOYMENT_TARGET = 14.1;
				MTL_ENABLE_DEBUG_INFO = INCLUDE_SOURCE;
				MTL_FAST_MATH = YES;
				ONLY_ACTIVE_ARCH = YES;
				SDKROOT = iphoneos;
				SWIFT_ACTIVE_COMPILATION_CONDITIONS = DEBUG;
				SWIFT_OPTIMIZATION_LEVEL = "-Onone";
			};
			name = Debug;
		};
		52191632255E10760075BA96 /* Release */ = {
			isa = XCBuildConfiguration;
			buildSettings = {
				ALWAYS_SEARCH_USER_PATHS = NO;
				CLANG_ANALYZER_NONNULL = YES;
				CLANG_ANALYZER_NUMBER_OBJECT_CONVERSION = YES_AGGRESSIVE;
				CLANG_CXX_LANGUAGE_STANDARD = "gnu++14";
				CLANG_CXX_LIBRARY = "libc++";
				CLANG_ENABLE_MODULES = YES;
				CLANG_ENABLE_OBJC_ARC = YES;
				CLANG_ENABLE_OBJC_WEAK = YES;
				CLANG_WARN_BLOCK_CAPTURE_AUTORELEASING = YES;
				CLANG_WARN_BOOL_CONVERSION = YES;
				CLANG_WARN_COMMA = YES;
				CLANG_WARN_CONSTANT_CONVERSION = YES;
				CLANG_WARN_DEPRECATED_OBJC_IMPLEMENTATIONS = YES;
				CLANG_WARN_DIRECT_OBJC_ISA_USAGE = YES_ERROR;
				CLANG_WARN_DOCUMENTATION_COMMENTS = YES;
				CLANG_WARN_EMPTY_BODY = YES;
				CLANG_WARN_ENUM_CONVERSION = YES;
				CLANG_WARN_INFINITE_RECURSION = YES;
				CLANG_WARN_INT_CONVERSION = YES;
				CLANG_WARN_NON_LITERAL_NULL_CONVERSION = YES;
				CLANG_WARN_OBJC_IMPLICIT_RETAIN_SELF = YES;
				CLANG_WARN_OBJC_LITERAL_CONVERSION = YES;
				CLANG_WARN_OBJC_ROOT_CLASS = YES_ERROR;
				CLANG_WARN_QUOTED_INCLUDE_IN_FRAMEWORK_HEADER = YES;
				CLANG_WARN_RANGE_LOOP_ANALYSIS = YES;
				CLANG_WARN_STRICT_PROTOTYPES = YES;
				CLANG_WARN_SUSPICIOUS_MOVE = YES;
				CLANG_WARN_UNGUARDED_AVAILABILITY = YES_AGGRESSIVE;
				CLANG_WARN_UNREACHABLE_CODE = YES;
				CLANG_WARN__DUPLICATE_METHOD_MATCH = YES;
				COPY_PHASE_STRIP = NO;
				DEBUG_INFORMATION_FORMAT = "dwarf-with-dsym";
				ENABLE_NS_ASSERTIONS = NO;
				ENABLE_STRICT_OBJC_MSGSEND = YES;
				GCC_C_LANGUAGE_STANDARD = gnu11;
				GCC_NO_COMMON_BLOCKS = YES;
				GCC_WARN_64_TO_32_BIT_CONVERSION = YES;
				GCC_WARN_ABOUT_RETURN_TYPE = YES_ERROR;
				GCC_WARN_UNDECLARED_SELECTOR = YES;
				GCC_WARN_UNINITIALIZED_AUTOS = YES_AGGRESSIVE;
				GCC_WARN_UNUSED_FUNCTION = YES;
				GCC_WARN_UNUSED_VARIABLE = YES;
				IPHONEOS_DEPLOYMENT_TARGET = 14.1;
				MTL_ENABLE_DEBUG_INFO = NO;
				MTL_FAST_MATH = YES;
				SDKROOT = iphoneos;
				SWIFT_COMPILATION_MODE = wholemodule;
				SWIFT_OPTIMIZATION_LEVEL = "-O";
				VALIDATE_PRODUCT = YES;
			};
			name = Release;
		};
		52191634255E10760075BA96 /* Debug */ = {
			isa = XCBuildConfiguration;
			buildSettings = {
				ASSETCATALOG_COMPILER_APPICON_NAME = AppIcon;
				ASSETCATALOG_COMPILER_GLOBAL_ACCENT_COLOR_NAME = AccentColor;
				CODE_SIGN_STYLE = Automatic;
				DEVELOPMENT_TEAM = CYJWF25337;
				INFOPLIST_FILE = CustomViewDemo/Info.plist;
				LD_RUNPATH_SEARCH_PATHS = (
					"$(inherited)",
					"@executable_path/Frameworks",
				);
				PRODUCT_BUNDLE_IDENTIFIER = com.hyunji.CustomViewDemo;
				PRODUCT_NAME = "$(TARGET_NAME)";
				SWIFT_VERSION = 5.0;
				TARGETED_DEVICE_FAMILY = "1,2";
			};
			name = Debug;
		};
		52191635255E10760075BA96 /* Release */ = {
			isa = XCBuildConfiguration;
			buildSettings = {
				ASSETCATALOG_COMPILER_APPICON_NAME = AppIcon;
				ASSETCATALOG_COMPILER_GLOBAL_ACCENT_COLOR_NAME = AccentColor;
				CODE_SIGN_STYLE = Automatic;
				DEVELOPMENT_TEAM = CYJWF25337;
				INFOPLIST_FILE = CustomViewDemo/Info.plist;
				LD_RUNPATH_SEARCH_PATHS = (
					"$(inherited)",
					"@executable_path/Frameworks",
				);
				PRODUCT_BUNDLE_IDENTIFIER = com.hyunji.CustomViewDemo;
				PRODUCT_NAME = "$(TARGET_NAME)";
				SWIFT_VERSION = 5.0;
				TARGETED_DEVICE_FAMILY = "1,2";
			};
			name = Release;
		};
		52191637255E10760075BA96 /* Debug */ = {
			isa = XCBuildConfiguration;
			buildSettings = {
				ALWAYS_EMBED_SWIFT_STANDARD_LIBRARIES = YES;
				BUNDLE_LOADER = "$(TEST_HOST)";
				CODE_SIGN_STYLE = Automatic;
				DEVELOPMENT_TEAM = CYJWF25337;
				INFOPLIST_FILE = CustomViewDemoTests/Info.plist;
				IPHONEOS_DEPLOYMENT_TARGET = 14.1;
				LD_RUNPATH_SEARCH_PATHS = (
					"$(inherited)",
					"@executable_path/Frameworks",
					"@loader_path/Frameworks",
				);
				PRODUCT_BUNDLE_IDENTIFIER = com.hyunji.CustomViewDemoTests;
				PRODUCT_NAME = "$(TARGET_NAME)";
				SWIFT_VERSION = 5.0;
				TARGETED_DEVICE_FAMILY = "1,2";
				TEST_HOST = "$(BUILT_PRODUCTS_DIR)/CustomViewDemo.app/CustomViewDemo";
			};
			name = Debug;
		};
		52191638255E10760075BA96 /* Release */ = {
			isa = XCBuildConfiguration;
			buildSettings = {
				ALWAYS_EMBED_SWIFT_STANDARD_LIBRARIES = YES;
				BUNDLE_LOADER = "$(TEST_HOST)";
				CODE_SIGN_STYLE = Automatic;
				DEVELOPMENT_TEAM = CYJWF25337;
				INFOPLIST_FILE = CustomViewDemoTests/Info.plist;
				IPHONEOS_DEPLOYMENT_TARGET = 14.1;
				LD_RUNPATH_SEARCH_PATHS = (
					"$(inherited)",
					"@executable_path/Frameworks",
					"@loader_path/Frameworks",
				);
				PRODUCT_BUNDLE_IDENTIFIER = com.hyunji.CustomViewDemoTests;
				PRODUCT_NAME = "$(TARGET_NAME)";
				SWIFT_VERSION = 5.0;
				TARGETED_DEVICE_FAMILY = "1,2";
				TEST_HOST = "$(BUILT_PRODUCTS_DIR)/CustomViewDemo.app/CustomViewDemo";
			};
			name = Release;
		};
		5219163A255E10760075BA96 /* Debug */ = {
			isa = XCBuildConfiguration;
			buildSettings = {
				ALWAYS_EMBED_SWIFT_STANDARD_LIBRARIES = YES;
				CODE_SIGN_STYLE = Automatic;
				DEVELOPMENT_TEAM = CYJWF25337;
				INFOPLIST_FILE = CustomViewDemoUITests/Info.plist;
				LD_RUNPATH_SEARCH_PATHS = (
					"$(inherited)",
					"@executable_path/Frameworks",
					"@loader_path/Frameworks",
				);
				PRODUCT_BUNDLE_IDENTIFIER = com.hyunji.CustomViewDemoUITests;
				PRODUCT_NAME = "$(TARGET_NAME)";
				SWIFT_VERSION = 5.0;
				TARGETED_DEVICE_FAMILY = "1,2";
				TEST_TARGET_NAME = CustomViewDemo;
			};
			name = Debug;
		};
		5219163B255E10760075BA96 /* Release */ = {
			isa = XCBuildConfiguration;
			buildSettings = {
				ALWAYS_EMBED_SWIFT_STANDARD_LIBRARIES = YES;
				CODE_SIGN_STYLE = Automatic;
				DEVELOPMENT_TEAM = CYJWF25337;
				INFOPLIST_FILE = CustomViewDemoUITests/Info.plist;
				LD_RUNPATH_SEARCH_PATHS = (
					"$(inherited)",
					"@executable_path/Frameworks",
					"@loader_path/Frameworks",
				);
				PRODUCT_BUNDLE_IDENTIFIER = com.hyunji.CustomViewDemoUITests;
				PRODUCT_NAME = "$(TARGET_NAME)";
				SWIFT_VERSION = 5.0;
				TARGETED_DEVICE_FAMILY = "1,2";
				TEST_TARGET_NAME = CustomViewDemo;
			};
			name = Release;
		};
/* End XCBuildConfiguration section */

/* Begin XCConfigurationList section */
		52191604255E10700075BA96 /* Build configuration list for PBXProject "CustomViewDemo" */ = {
			isa = XCConfigurationList;
			buildConfigurations = (
				52191631255E10760075BA96 /* Debug */,
				52191632255E10760075BA96 /* Release */,
			);
			defaultConfigurationIsVisible = 0;
			defaultConfigurationName = Release;
		};
		52191633255E10760075BA96 /* Build configuration list for PBXNativeTarget "CustomViewDemo" */ = {
			isa = XCConfigurationList;
			buildConfigurations = (
				52191634255E10760075BA96 /* Debug */,
				52191635255E10760075BA96 /* Release */,
			);
			defaultConfigurationIsVisible = 0;
			defaultConfigurationName = Release;
		};
		52191636255E10760075BA96 /* Build configuration list for PBXNativeTarget "CustomViewDemoTests" */ = {
			isa = XCConfigurationList;
			buildConfigurations = (
				52191637255E10760075BA96 /* Debug */,
				52191638255E10760075BA96 /* Release */,
			);
			defaultConfigurationIsVisible = 0;
			defaultConfigurationName = Release;
		};
		52191639255E10760075BA96 /* Build configuration list for PBXNativeTarget "CustomViewDemoUITests" */ = {
			isa = XCConfigurationList;
			buildConfigurations = (
				5219163A255E10760075BA96 /* Debug */,
				5219163B255E10760075BA96 /* Release */,
			);
			defaultConfigurationIsVisible = 0;
			defaultConfigurationName = Release;
		};
/* End XCConfigurationList section */
	};
	rootObject = 52191601255E10700075BA96 /* Project object */;
}
