// !$*UTF8*$!
{
	archiveVersion = 1;
	classes = {
	};
	objectVersion = 52;
	objects = {

/* Begin PBXBuildFile section */
		52A68C012570B3F6008E42D6 /* AppDelegate.swift in Sources */ = {isa = PBXBuildFile; fileRef = 52A68C002570B3F6008E42D6 /* AppDelegate.swift */; };
		52A68C032570B3F6008E42D6 /* SceneDelegate.swift in Sources */ = {isa = PBXBuildFile; fileRef = 52A68C022570B3F6008E42D6 /* SceneDelegate.swift */; };
		52A68C052570B3F6008E42D6 /* ViewController.swift in Sources */ = {isa = PBXBuildFile; fileRef = 52A68C042570B3F6008E42D6 /* ViewController.swift */; };
		52A68C082570B3F6008E42D6 /* Main.storyboard in Resources */ = {isa = PBXBuildFile; fileRef = 52A68C062570B3F6008E42D6 /* Main.storyboard */; };
		52A68C0A2570B3F9008E42D6 /* Assets.xcassets in Resources */ = {isa = PBXBuildFile; fileRef = 52A68C092570B3F9008E42D6 /* Assets.xcassets */; };
		52A68C0D2570B3F9008E42D6 /* LaunchScreen.storyboard in Resources */ = {isa = PBXBuildFile; fileRef = 52A68C0B2570B3F9008E42D6 /* LaunchScreen.storyboard */; };
		52A68C172570B4C3008E42D6 /* FacebookShare in Frameworks */ = {isa = PBXBuildFile; productRef = 52A68C162570B4C3008E42D6 /* FacebookShare */; };
		52A68C192570B4C3008E42D6 /* FacebookCore in Frameworks */ = {isa = PBXBuildFile; productRef = 52A68C182570B4C3008E42D6 /* FacebookCore */; };
		52A68C1B2570B4C3008E42D6 /* FacebookGamingServices in Frameworks */ = {isa = PBXBuildFile; productRef = 52A68C1A2570B4C3008E42D6 /* FacebookGamingServices */; };
		52A68C1D2570B4C3008E42D6 /* FacebookLogin in Frameworks */ = {isa = PBXBuildFile; productRef = 52A68C1C2570B4C3008E42D6 /* FacebookLogin */; };
		52A68C202570B504008E42D6 /* SwiftyJSON+Helper.swift in Sources */ = {isa = PBXBuildFile; fileRef = 52A68C1F2570B504008E42D6 /* SwiftyJSON+Helper.swift */; };
		52A68C242570B552008E42D6 /* SwiftyJSON in Frameworks */ = {isa = PBXBuildFile; productRef = 52A68C232570B552008E42D6 /* SwiftyJSON */; };
		52A68C2A2570B610008E42D6 /* FBModel.swift in Sources */ = {isa = PBXBuildFile; fileRef = 52A68C292570B610008E42D6 /* FBModel.swift */; };
/* End PBXBuildFile section */

/* Begin PBXFileReference section */
		52A68BFD2570B3F6008E42D6 /* SharePosts.app */ = {isa = PBXFileReference; explicitFileType = wrapper.application; includeInIndex = 0; path = SharePosts.app; sourceTree = BUILT_PRODUCTS_DIR; };
		52A68C002570B3F6008E42D6 /* AppDelegate.swift */ = {isa = PBXFileReference; lastKnownFileType = sourcecode.swift; path = AppDelegate.swift; sourceTree = "<group>"; };
		52A68C022570B3F6008E42D6 /* SceneDelegate.swift */ = {isa = PBXFileReference; lastKnownFileType = sourcecode.swift; path = SceneDelegate.swift; sourceTree = "<group>"; };
		52A68C042570B3F6008E42D6 /* ViewController.swift */ = {isa = PBXFileReference; lastKnownFileType = sourcecode.swift; path = ViewController.swift; sourceTree = "<group>"; };
		52A68C072570B3F6008E42D6 /* Base */ = {isa = PBXFileReference; lastKnownFileType = file.storyboard; name = Base; path = Base.lproj/Main.storyboard; sourceTree = "<group>"; };
		52A68C092570B3F9008E42D6 /* Assets.xcassets */ = {isa = PBXFileReference; lastKnownFileType = folder.assetcatalog; path = Assets.xcassets; sourceTree = "<group>"; };
		52A68C0C2570B3F9008E42D6 /* Base */ = {isa = PBXFileReference; lastKnownFileType = file.storyboard; name = Base; path = Base.lproj/LaunchScreen.storyboard; sourceTree = "<group>"; };
		52A68C0E2570B3F9008E42D6 /* Info.plist */ = {isa = PBXFileReference; lastKnownFileType = text.plist.xml; path = Info.plist; sourceTree = "<group>"; };
		52A68C1F2570B504008E42D6 /* SwiftyJSON+Helper.swift */ = {isa = PBXFileReference; lastKnownFileType = sourcecode.swift; path = "SwiftyJSON+Helper.swift"; sourceTree = "<group>"; };
		52A68C292570B610008E42D6 /* FBModel.swift */ = {isa = PBXFileReference; lastKnownFileType = sourcecode.swift; path = FBModel.swift; sourceTree = "<group>"; };
/* End PBXFileReference section */

/* Begin PBXFrameworksBuildPhase section */
		52A68BFA2570B3F6008E42D6 /* Frameworks */ = {
			isa = PBXFrameworksBuildPhase;
			buildActionMask = 2147483647;
			files = (
				52A68C1D2570B4C3008E42D6 /* FacebookLogin in Frameworks */,
				52A68C1B2570B4C3008E42D6 /* FacebookGamingServices in Frameworks */,
				52A68C172570B4C3008E42D6 /* FacebookShare in Frameworks */,
				52A68C242570B552008E42D6 /* SwiftyJSON in Frameworks */,
				52A68C192570B4C3008E42D6 /* FacebookCore in Frameworks */,
			);
			runOnlyForDeploymentPostprocessing = 0;
		};
/* End PBXFrameworksBuildPhase section */

/* Begin PBXGroup section */
		52A68BF42570B3F6008E42D6 = {
			isa = PBXGroup;
			children = (
				52A68BFF2570B3F6008E42D6 /* SharePosts */,
				52A68BFE2570B3F6008E42D6 /* Products */,
			);
			sourceTree = "<group>";
		};
		52A68BFE2570B3F6008E42D6 /* Products */ = {
			isa = PBXGroup;
			children = (
				52A68BFD2570B3F6008E42D6 /* SharePosts.app */,
			);
			name = Products;
			sourceTree = "<group>";
		};
		52A68BFF2570B3F6008E42D6 /* SharePosts */ = {
			isa = PBXGroup;
			children = (
				52A68C002570B3F6008E42D6 /* AppDelegate.swift */,
				52A68C022570B3F6008E42D6 /* SceneDelegate.swift */,
				52A68C042570B3F6008E42D6 /* ViewController.swift */,
				52A68C062570B3F6008E42D6 /* Main.storyboard */,
				52A68C092570B3F9008E42D6 /* Assets.xcassets */,
				52A68C0B2570B3F9008E42D6 /* LaunchScreen.storyboard */,
				52A68C0E2570B3F9008E42D6 /* Info.plist */,
				52A68C1F2570B504008E42D6 /* SwiftyJSON+Helper.swift */,
				52A68C292570B610008E42D6 /* FBModel.swift */,
			);
			path = SharePosts;
			sourceTree = "<group>";
		};
/* End PBXGroup section */

/* Begin PBXNativeTarget section */
		52A68BFC2570B3F6008E42D6 /* SharePosts */ = {
			isa = PBXNativeTarget;
			buildConfigurationList = 52A68C112570B3F9008E42D6 /* Build configuration list for PBXNativeTarget "SharePosts" */;
			buildPhases = (
				52A68BF92570B3F6008E42D6 /* Sources */,
				52A68BFA2570B3F6008E42D6 /* Frameworks */,
				52A68BFB2570B3F6008E42D6 /* Resources */,
			);
			buildRules = (
			);
			dependencies = (
			);
			name = SharePosts;
			packageProductDependencies = (
				52A68C162570B4C3008E42D6 /* FacebookShare */,
				52A68C182570B4C3008E42D6 /* FacebookCore */,
				52A68C1A2570B4C3008E42D6 /* FacebookGamingServices */,
				52A68C1C2570B4C3008E42D6 /* FacebookLogin */,
				52A68C232570B552008E42D6 /* SwiftyJSON */,
			);
			productName = SharePosts;
			productReference = 52A68BFD2570B3F6008E42D6 /* SharePosts.app */;
			productType = "com.apple.product-type.application";
		};
/* End PBXNativeTarget section */

/* Begin PBXProject section */
		52A68BF52570B3F6008E42D6 /* Project object */ = {
			isa = PBXProject;
			attributes = {
				LastSwiftUpdateCheck = 1220;
				LastUpgradeCheck = 1220;
				TargetAttributes = {
					52A68BFC2570B3F6008E42D6 = {
						CreatedOnToolsVersion = 12.2;
					};
				};
			};
			buildConfigurationList = 52A68BF82570B3F6008E42D6 /* Build configuration list for PBXProject "SharePosts" */;
			compatibilityVersion = "Xcode 9.3";
			developmentRegion = en;
			hasScannedForEncodings = 0;
			knownRegions = (
				en,
				Base,
			);
			mainGroup = 52A68BF42570B3F6008E42D6;
			packageReferences = (
				52A68C152570B4C3008E42D6 /* XCRemoteSwiftPackageReference "facebook-ios-sdk" */,
				52A68C222570B552008E42D6 /* XCRemoteSwiftPackageReference "SwiftyJSON" */,
			);
			productRefGroup = 52A68BFE2570B3F6008E42D6 /* Products */;
			projectDirPath = "";
			projectRoot = "";
			targets = (
				52A68BFC2570B3F6008E42D6 /* SharePosts */,
			);
		};
/* End PBXProject section */

/* Begin PBXResourcesBuildPhase section */
		52A68BFB2570B3F6008E42D6 /* Resources */ = {
			isa = PBXResourcesBuildPhase;
			buildActionMask = 2147483647;
			files = (
				52A68C0D2570B3F9008E42D6 /* LaunchScreen.storyboard in Resources */,
				52A68C0A2570B3F9008E42D6 /* Assets.xcassets in Resources */,
				52A68C082570B3F6008E42D6 /* Main.storyboard in Resources */,
			);
			runOnlyForDeploymentPostprocessing = 0;
		};
/* End PBXResourcesBuildPhase section */

/* Begin PBXSourcesBuildPhase section */
		52A68BF92570B3F6008E42D6 /* Sources */ = {
			isa = PBXSourcesBuildPhase;
			buildActionMask = 2147483647;
			files = (
				52A68C052570B3F6008E42D6 /* ViewController.swift in Sources */,
				52A68C202570B504008E42D6 /* SwiftyJSON+Helper.swift in Sources */,
				52A68C2A2570B610008E42D6 /* FBModel.swift in Sources */,
				52A68C012570B3F6008E42D6 /* AppDelegate.swift in Sources */,
				52A68C032570B3F6008E42D6 /* SceneDelegate.swift in Sources */,
			);
			runOnlyForDeploymentPostprocessing = 0;
		};
/* End PBXSourcesBuildPhase section */

/* Begin PBXVariantGroup section */
		52A68C062570B3F6008E42D6 /* Main.storyboard */ = {
			isa = PBXVariantGroup;
			children = (
				52A68C072570B3F6008E42D6 /* Base */,
			);
			name = Main.storyboard;
			sourceTree = "<group>";
		};
		52A68C0B2570B3F9008E42D6 /* LaunchScreen.storyboard */ = {
			isa = PBXVariantGroup;
			children = (
				52A68C0C2570B3F9008E42D6 /* Base */,
			);
			name = LaunchScreen.storyboard;
			sourceTree = "<group>";
		};
/* End PBXVariantGroup section */

/* Begin XCBuildConfiguration section */
		52A68C0F2570B3F9008E42D6 /* Debug */ = {
			isa = XCBuildConfiguration;
			buildSettings = {
				ALWAYS_SEARCH_USER_PATHS = NO;
				CLANG_ANALYZER_NONNULL = YES;
				CLANG_ANALYZER_NUMBER_OBJECT_CONVERSION = YES_AGGRESSIVE;
				CLANG_CXX_LANGUAGE_STANDARD = "gnu++14";
				CLANG_CXX_LIBRARY = "libc++";
				CLANG_ENABLE_MODULES = YES;
				CLANG_ENABLE_OBJC_ARC = YES;
				CLANG_ENABLE_OBJC_WEAK = YES;
				CLANG_WARN_BLOCK_CAPTURE_AUTORELEASING = YES;
				CLANG_WARN_BOOL_CONVERSION = YES;
				CLANG_WARN_COMMA = YES;
				CLANG_WARN_CONSTANT_CONVERSION = YES;
				CLANG_WARN_DEPRECATED_OBJC_IMPLEMENTATIONS = YES;
				CLANG_WARN_DIRECT_OBJC_ISA_USAGE = YES_ERROR;
				CLANG_WARN_DOCUMENTATION_COMMENTS = YES;
				CLANG_WARN_EMPTY_BODY = YES;
				CLANG_WARN_ENUM_CONVERSION = YES;
				CLANG_WARN_INFINITE_RECURSION = YES;
				CLANG_WARN_INT_CONVERSION = YES;
				CLANG_WARN_NON_LITERAL_NULL_CONVERSION = YES;
				CLANG_WARN_OBJC_IMPLICIT_RETAIN_SELF = YES;
				CLANG_WARN_OBJC_LITERAL_CONVERSION = YES;
				CLANG_WARN_OBJC_ROOT_CLASS = YES_ERROR;
				CLANG_WARN_QUOTED_INCLUDE_IN_FRAMEWORK_HEADER = YES;
				CLANG_WARN_RANGE_LOOP_ANALYSIS = YES;
				CLANG_WARN_STRICT_PROTOTYPES = YES;
				CLANG_WARN_SUSPICIOUS_MOVE = YES;
				CLANG_WARN_UNGUARDED_AVAILABILITY = YES_AGGRESSIVE;
				CLANG_WARN_UNREACHABLE_CODE = YES;
				CLANG_WARN__DUPLICATE_METHOD_MATCH = YES;
				COPY_PHASE_STRIP = NO;
				DEBUG_INFORMATION_FORMAT = dwarf;
				ENABLE_STRICT_OBJC_MSGSEND = YES;
				ENABLE_TESTABILITY = YES;
				GCC_C_LANGUAGE_STANDARD = gnu11;
				GCC_DYNAMIC_NO_PIC = NO;
				GCC_NO_COMMON_BLOCKS = YES;
				GCC_OPTIMIZATION_LEVEL = 0;
				GCC_PREPROCESSOR_DEFINITIONS = (
					"DEBUG=1",
					"$(inherited)",
				);
				GCC_WARN_64_TO_32_BIT_CONVERSION = YES;
				GCC_WARN_ABOUT_RETURN_TYPE = YES_ERROR;
				GCC_WARN_UNDECLARED_SELECTOR = YES;
				GCC_WARN_UNINITIALIZED_AUTOS = YES_AGGRESSIVE;
				GCC_WARN_UNUSED_FUNCTION = YES;
				GCC_WARN_UNUSED_VARIABLE = YES;
				IPHONEOS_DEPLOYMENT_TARGET = 14.2;
				MTL_ENABLE_DEBUG_INFO = INCLUDE_SOURCE;
				MTL_FAST_MATH = YES;
				ONLY_ACTIVE_ARCH = YES;
				SDKROOT = iphoneos;
				SWIFT_ACTIVE_COMPILATION_CONDITIONS = DEBUG;
				SWIFT_OPTIMIZATION_LEVEL = "-Onone";
			};
			name = Debug;
		};
		52A68C102570B3F9008E42D6 /* Release */ = {
			isa = XCBuildConfiguration;
			buildSettings = {
				ALWAYS_SEARCH_USER_PATHS = NO;
				CLANG_ANALYZER_NONNULL = YES;
				CLANG_ANALYZER_NUMBER_OBJECT_CONVERSION = YES_AGGRESSIVE;
				CLANG_CXX_LANGUAGE_STANDARD = "gnu++14";
				CLANG_CXX_LIBRARY = "libc++";
				CLANG_ENABLE_MODULES = YES;
				CLANG_ENABLE_OBJC_ARC = YES;
				CLANG_ENABLE_OBJC_WEAK = YES;
				CLANG_WARN_BLOCK_CAPTURE_AUTORELEASING = YES;
				CLANG_WARN_BOOL_CONVERSION = YES;
				CLANG_WARN_COMMA = YES;
				CLANG_WARN_CONSTANT_CONVERSION = YES;
				CLANG_WARN_DEPRECATED_OBJC_IMPLEMENTATIONS = YES;
				CLANG_WARN_DIRECT_OBJC_ISA_USAGE = YES_ERROR;
				CLANG_WARN_DOCUMENTATION_COMMENTS = YES;
				CLANG_WARN_EMPTY_BODY = YES;
				CLANG_WARN_ENUM_CONVERSION = YES;
				CLANG_WARN_INFINITE_RECURSION = YES;
				CLANG_WARN_INT_CONVERSION = YES;
				CLANG_WARN_NON_LITERAL_NULL_CONVERSION = YES;
				CLANG_WARN_OBJC_IMPLICIT_RETAIN_SELF = YES;
				CLANG_WARN_OBJC_LITERAL_CONVERSION = YES;
				CLANG_WARN_OBJC_ROOT_CLASS = YES_ERROR;
				CLANG_WARN_QUOTED_INCLUDE_IN_FRAMEWORK_HEADER = YES;
				CLANG_WARN_RANGE_LOOP_ANALYSIS = YES;
				CLANG_WARN_STRICT_PROTOTYPES = YES;
				CLANG_WARN_SUSPICIOUS_MOVE = YES;
				CLANG_WARN_UNGUARDED_AVAILABILITY = YES_AGGRESSIVE;
				CLANG_WARN_UNREACHABLE_CODE = YES;
				CLANG_WARN__DUPLICATE_METHOD_MATCH = YES;
				COPY_PHASE_STRIP = NO;
				DEBUG_INFORMATION_FORMAT = "dwarf-with-dsym";
				ENABLE_NS_ASSERTIONS = NO;
				ENABLE_STRICT_OBJC_MSGSEND = YES;
				GCC_C_LANGUAGE_STANDARD = gnu11;
				GCC_NO_COMMON_BLOCKS = YES;
				GCC_WARN_64_TO_32_BIT_CONVERSION = YES;
				GCC_WARN_ABOUT_RETURN_TYPE = YES_ERROR;
				GCC_WARN_UNDECLARED_SELECTOR = YES;
				GCC_WARN_UNINITIALIZED_AUTOS = YES_AGGRESSIVE;
				GCC_WARN_UNUSED_FUNCTION = YES;
				GCC_WARN_UNUSED_VARIABLE = YES;
				IPHONEOS_DEPLOYMENT_TARGET = 14.2;
				MTL_ENABLE_DEBUG_INFO = NO;
				MTL_FAST_MATH = YES;
				SDKROOT = iphoneos;
				SWIFT_COMPILATION_MODE = wholemodule;
				SWIFT_OPTIMIZATION_LEVEL = "-O";
				VALIDATE_PRODUCT = YES;
			};
			name = Release;
		};
		52A68C122570B3F9008E42D6 /* Debug */ = {
			isa = XCBuildConfiguration;
			buildSettings = {
				ASSETCATALOG_COMPILER_APPICON_NAME = AppIcon;
				ASSETCATALOG_COMPILER_GLOBAL_ACCENT_COLOR_NAME = AccentColor;
				CODE_SIGN_STYLE = Automatic;
				DEVELOPMENT_TEAM = TN2FPFX532;
				INFOPLIST_FILE = SharePosts/Info.plist;
				LD_RUNPATH_SEARCH_PATHS = (
					"$(inherited)",
					"@executable_path/Frameworks",
				);
				PRODUCT_BUNDLE_IDENTIFIER = com.hyunji.SharePosts;
				PRODUCT_NAME = "$(TARGET_NAME)";
				SWIFT_VERSION = 5.0;
				TARGETED_DEVICE_FAMILY = "1,2";
			};
			name = Debug;
		};
		52A68C132570B3F9008E42D6 /* Release */ = {
			isa = XCBuildConfiguration;
			buildSettings = {
				ASSETCATALOG_COMPILER_APPICON_NAME = AppIcon;
				ASSETCATALOG_COMPILER_GLOBAL_ACCENT_COLOR_NAME = AccentColor;
				CODE_SIGN_STYLE = Automatic;
				DEVELOPMENT_TEAM = TN2FPFX532;
				INFOPLIST_FILE = SharePosts/Info.plist;
				LD_RUNPATH_SEARCH_PATHS = (
					"$(inherited)",
					"@executable_path/Frameworks",
				);
				PRODUCT_BUNDLE_IDENTIFIER = com.hyunji.SharePosts;
				PRODUCT_NAME = "$(TARGET_NAME)";
				SWIFT_VERSION = 5.0;
				TARGETED_DEVICE_FAMILY = "1,2";
			};
			name = Release;
		};
/* End XCBuildConfiguration section */

/* Begin XCConfigurationList section */
		52A68BF82570B3F6008E42D6 /* Build configuration list for PBXProject "SharePosts" */ = {
			isa = XCConfigurationList;
			buildConfigurations = (
				52A68C0F2570B3F9008E42D6 /* Debug */,
				52A68C102570B3F9008E42D6 /* Release */,
			);
			defaultConfigurationIsVisible = 0;
			defaultConfigurationName = Release;
		};
		52A68C112570B3F9008E42D6 /* Build configuration list for PBXNativeTarget "SharePosts" */ = {
			isa = XCConfigurationList;
			buildConfigurations = (
				52A68C122570B3F9008E42D6 /* Debug */,
				52A68C132570B3F9008E42D6 /* Release */,
			);
			defaultConfigurationIsVisible = 0;
			defaultConfigurationName = Release;
		};
/* End XCConfigurationList section */

/* Begin XCRemoteSwiftPackageReference section */
		52A68C152570B4C3008E42D6 /* XCRemoteSwiftPackageReference "facebook-ios-sdk" */ = {
			isa = XCRemoteSwiftPackageReference;
			repositoryURL = "https://github.com/facebook/facebook-ios-sdk";
			requirement = {
				kind = upToNextMajorVersion;
				minimumVersion = 8.2.0;
			};
		};
		52A68C222570B552008E42D6 /* XCRemoteSwiftPackageReference "SwiftyJSON" */ = {
			isa = XCRemoteSwiftPackageReference;
			repositoryURL = "https://github.com/SwiftyJSON/SwiftyJSON";
			requirement = {
				kind = upToNextMajorVersion;
				minimumVersion = 5.0.0;
			};
		};
/* End XCRemoteSwiftPackageReference section */

/* Begin XCSwiftPackageProductDependency section */
		52A68C162570B4C3008E42D6 /* FacebookShare */ = {
			isa = XCSwiftPackageProductDependency;
			package = 52A68C152570B4C3008E42D6 /* XCRemoteSwiftPackageReference "facebook-ios-sdk" */;
			productName = FacebookShare;
		};
		52A68C182570B4C3008E42D6 /* FacebookCore */ = {
			isa = XCSwiftPackageProductDependency;
			package = 52A68C152570B4C3008E42D6 /* XCRemoteSwiftPackageReference "facebook-ios-sdk" */;
			productName = FacebookCore;
		};
		52A68C1A2570B4C3008E42D6 /* FacebookGamingServices */ = {
			isa = XCSwiftPackageProductDependency;
			package = 52A68C152570B4C3008E42D6 /* XCRemoteSwiftPackageReference "facebook-ios-sdk" */;
			productName = FacebookGamingServices;
		};
		52A68C1C2570B4C3008E42D6 /* FacebookLogin */ = {
			isa = XCSwiftPackageProductDependency;
			package = 52A68C152570B4C3008E42D6 /* XCRemoteSwiftPackageReference "facebook-ios-sdk" */;
			productName = FacebookLogin;
		};
		52A68C232570B552008E42D6 /* SwiftyJSON */ = {
			isa = XCSwiftPackageProductDependency;
			package = 52A68C222570B552008E42D6 /* XCRemoteSwiftPackageReference "SwiftyJSON" */;
			productName = SwiftyJSON;
		};
/* End XCSwiftPackageProductDependency section */
	};
	rootObject = 52A68BF52570B3F6008E42D6 /* Project object */;
}
